<?xml version="1.0" encoding="utf-8"?>
<Project ToolsVersion="4.0" xmlns="http://schemas.microsoft.com/developer/msbuild/2003">
  <ItemGroup>
    <Filter Include="源文件">
      <UniqueIdentifier>{4FC737F1-C7A5-4376-A066-2A32D752A2FF}</UniqueIdentifier>
      <Extensions>cpp;c;cc;cxx;def;odl;idl;hpj;bat;asm;asmx</Extensions>
    </Filter>
    <Filter Include="头文件">
      <UniqueIdentifier>{93995380-89BD-4b04-88EB-625FBE52EBFB}</UniqueIdentifier>
      <Extensions>h;hh;hpp;hxx;hm;inl;inc;ipp;xsd</Extensions>
    </Filter>
    <Filter Include="资源文件">
      <UniqueIdentifier>{67DA6AB6-F800-4c08-8B7A-83BB121AAD01}</UniqueIdentifier>
      <Extensions>rc;ico;cur;bmp;dlg;rc2;rct;bin;rgs;gif;jpg;jpeg;jpe;resx;tiff;tif;png;wav;mfcribbon-ms</Extensions>
    </Filter>
  </ItemGroup>
  <ItemGroup>
    <ClInclude Include="MFCptsRegist.h">
      <Filter>头文件</Filter>
    </ClInclude>
    <ClInclude Include="framework.h">
      <Filter>头文件</Filter>
    </ClInclude>
    <ClInclude Include="targetver.h">
      <Filter>头文件</Filter>
    </ClInclude>
    <ClInclude Include="Resource.h">
      <Filter>头文件</Filter>
    </ClInclude>
    <ClInclude Include="pch.h">
      <Filter>头文件</Filter>
    </ClInclude>
    <ClInclude Include="CfileError.h">
      <Filter>头文件</Filter>
    </ClInclude>
    <ClInclude Include="CNewDlgtip1.h">
      <Filter>头文件</Filter>
    </ClInclude>
    <ClInclude Include="CNewDlgtip2.h">
      <Filter>头文件</Filter>
    </ClInclude>
    <ClInclude Include="CNewfileIn.h">
      <Filter>头文件</Filter>
    </ClInclude>
    <ClInclude Include="CNewIcpDlg.h">
      <Filter>头文件</Filter>
    </ClInclude>
    <ClInclude Include="CNewLineExtract.h">
      <Filter>头文件</Filter>
    </ClInclude>
    <ClInclude Include="CNewtip.h">
      <Filter>头文件</Filter>
    </ClInclude>
    <ClInclude Include="CoutputError.h">
      <Filter>头文件</Filter>
    </ClInclude>
    <ClInclude Include="CRegistError.h">
      <Filter>头文件</Filter>
    </ClInclude>
    <ClInclude Include="ptsRegistMfcDlg.h">
      <Filter>头文件</Filter>
    </ClInclude>
  </ItemGroup>
  <ItemGroup>
    <ClCompile Include="MFCptsRegist.cpp">
      <Filter>源文件</Filter>
    </ClCompile>
    <ClCompile Include="pch.cpp">
      <Filter>源文件</Filter>
    </ClCompile>
    <ClCompile Include="CfileError.cpp">
      <Filter>源文件</Filter>
    </ClCompile>
    <ClCompile Include="CNewDlgtip1.cpp">
      <Filter>源文件</Filter>
    </ClCompile>
    <ClCompile Include="CNewDlgtip2.cpp">
      <Filter>源文件</Filter>
    </ClCompile>
    <ClCompile Include="CNewfileIn.cpp">
      <Filter>源文件</Filter>
    </ClCompile>
    <ClCompile Include="CNewIcpDlg.cpp">
      <Filter>源文件</Filter>
    </ClCompile>
    <ClCompile Include="CNewLineExtract.cpp">
      <Filter>源文件</Filter>
    </ClCompile>
    <ClCompile Include="CNewtip.cpp">
      <Filter>源文件</Filter>
    </ClCompile>
    <ClCompile Include="CoutputError.cpp">
      <Filter>源文件</Filter>
    </ClCompile>
    <ClCompile Include="CRegistError.cpp">
      <Filter>源文件</Filter>
    </ClCompile>
    <ClCompile Include="ptsRegistMfcDlg.cpp">
      <Filter>源文件</Filter>
    </ClCompile>
  </ItemGroup>
  <ItemGroup>
    <ResourceCompile Include="MFCptsRegist.rc">
      <Filter>资源文件</Filter>
    </ResourceCompile>
  </ItemGroup>
  <ItemGroup>
    <None Include="res\MFCptsRegist.rc2">
      <Filter>资源文件</Filter>
    </None>
  </ItemGroup>
  <ItemGroup>
    <Image Include="res\MFCptsRegist.ico">
      <Filter>资源文件</Filter>
    </Image>
  </ItemGroup>
</Project>